// !$*UTF8*$!
{
	archiveVersion = 1;
	classes = {
	};
	objectVersion = 56;
	objects = {

/* Begin PBXBuildFile section */
		272728C72A8D6505000CCA22 /* tests.cc in Sources */ = {isa = PBXBuildFile; fileRef = 272728C62A8D6505000CCA22 /* tests.cc */; };
		272728D62A8D65BE000CCA22 /* catch_amalgamated.cpp in Sources */ = {isa = PBXBuildFile; fileRef = 272728D42A8D6575000CCA22 /* catch_amalgamated.cpp */; };
		272728E72A8D6619000CCA22 /* libcoro.a in Frameworks */ = {isa = PBXBuildFile; fileRef = 272728DB2A8D6604000CCA22 /* libcoro.a */; };
/* End PBXBuildFile section */

/* Begin PBXCopyFilesBuildPhase section */
		272728C12A8D6505000CCA22 /* CopyFiles */ = {
			isa = PBXCopyFilesBuildPhase;
			buildActionMask = 2147483647;
			dstPath = /usr/share/man/man1/;
			dstSubfolderSpec = 0;
			files = (
			);
			runOnlyForDeploymentPostprocessing = 1;
		};
/* End PBXCopyFilesBuildPhase section */

/* Begin PBXFileReference section */
		272728C32A8D6505000CCA22 /* Tests */ = {isa = PBXFileReference; explicitFileType = "compiled.mach-o.executable"; includeInIndex = 0; path = Tests; sourceTree = BUILT_PRODUCTS_DIR; };
		272728C62A8D6505000CCA22 /* tests.cc */ = {isa = PBXFileReference; lastKnownFileType = sourcecode.cpp.cpp; path = tests.cc; sourceTree = "<group>"; };
		272728D42A8D6575000CCA22 /* catch_amalgamated.cpp */ = {isa = PBXFileReference; lastKnownFileType = sourcecode.cpp.cpp; path = catch_amalgamated.cpp; sourceTree = "<group>"; };
		272728D52A8D6575000CCA22 /* catch_amalgamated.hpp */ = {isa = PBXFileReference; lastKnownFileType = sourcecode.cpp.h; path = catch_amalgamated.hpp; sourceTree = "<group>"; };
		272728DB2A8D6604000CCA22 /* libcoro.a */ = {isa = PBXFileReference; explicitFileType = archive.ar; includeInIndex = 0; path = libcoro.a; sourceTree = BUILT_PRODUCTS_DIR; };
		272728ED2A8D66EA000CCA22 /* StaticLib.xcconfig */ = {isa = PBXFileReference; lastKnownFileType = text.xcconfig; path = StaticLib.xcconfig; sourceTree = "<group>"; };
		272728EF2A8D66EA000CCA22 /* Project-Release.xcconfig */ = {isa = PBXFileReference; lastKnownFileType = text.xcconfig; path = "Project-Release.xcconfig"; sourceTree = "<group>"; };
		272728F02A8D66EA000CCA22 /* Project-Debug.xcconfig */ = {isa = PBXFileReference; lastKnownFileType = text.xcconfig; path = "Project-Debug.xcconfig"; sourceTree = "<group>"; };
		272728F12A8D66EA000CCA22 /* Tests.xcconfig */ = {isa = PBXFileReference; lastKnownFileType = text.xcconfig; path = Tests.xcconfig; sourceTree = "<group>"; };
		272728F22A8D66EA000CCA22 /* XcodeWarnings.xcconfig */ = {isa = PBXFileReference; lastKnownFileType = text.xcconfig; path = XcodeWarnings.xcconfig; sourceTree = "<group>"; };
		272728F32A8D66EA000CCA22 /* Project.xcconfig */ = {isa = PBXFileReference; lastKnownFileType = text.xcconfig; path = Project.xcconfig; sourceTree = "<group>"; };
		272728FD2A8D6B43000CCA22 /* Coroutine.hh */ = {isa = PBXFileReference; lastKnownFileType = sourcecode.cpp.h; path = Coroutine.hh; sourceTree = "<group>"; };
		272728FE2A8D6B43000CCA22 /* Scheduler.hh */ = {isa = PBXFileReference; lastKnownFileType = sourcecode.cpp.h; path = Scheduler.hh; sourceTree = "<group>"; };
		272728FF2A8D6B43000CCA22 /* Future.hh */ = {isa = PBXFileReference; lastKnownFileType = sourcecode.cpp.h; path = Future.hh; sourceTree = "<group>"; };
		272729002A8D6B43000CCA22 /* Generator.hh */ = {isa = PBXFileReference; lastKnownFileType = sourcecode.cpp.h; path = Generator.hh; sourceTree = "<group>"; };
/* End PBXFileReference section */

/* Begin PBXFrameworksBuildPhase section */
		272728C02A8D6505000CCA22 /* Frameworks */ = {
			isa = PBXFrameworksBuildPhase;
			buildActionMask = 2147483647;
			files = (
				272728E72A8D6619000CCA22 /* libcoro.a in Frameworks */,
			);
			runOnlyForDeploymentPostprocessing = 0;
		};
		272728D92A8D6604000CCA22 /* Frameworks */ = {
			isa = PBXFrameworksBuildPhase;
			buildActionMask = 2147483647;
			files = (
			);
			runOnlyForDeploymentPostprocessing = 0;
		};
/* End PBXFrameworksBuildPhase section */

/* Begin PBXGroup section */
		272728BA2A8D6505000CCA22 = {
			isa = PBXGroup;
			children = (
				272728CD2A8D651F000CCA22 /* src */,
				272728C52A8D6505000CCA22 /* tests */,
				272728D22A8D654C000CCA22 /* vendor */,
				272728EC2A8D66C3000CCA22 /* xcconfigs */,
				272728C42A8D6505000CCA22 /* Products */,
				272728E62A8D6619000CCA22 /* Frameworks */,
			);
			sourceTree = "<group>";
		};
		272728C42A8D6505000CCA22 /* Products */ = {
			isa = PBXGroup;
			children = (
				272728C32A8D6505000CCA22 /* Tests */,
				272728DB2A8D6604000CCA22 /* libcoro.a */,
			);
			name = Products;
			sourceTree = "<group>";
		};
		272728C52A8D6505000CCA22 /* tests */ = {
			isa = PBXGroup;
			children = (
				272728C62A8D6505000CCA22 /* tests.cc */,
			);
			path = tests;
			sourceTree = "<group>";
		};
		272728CD2A8D651F000CCA22 /* src */ = {
			isa = PBXGroup;
			children = (
				272728FD2A8D6B43000CCA22 /* Coroutine.hh */,
				272728FF2A8D6B43000CCA22 /* Future.hh */,
				272729002A8D6B43000CCA22 /* Generator.hh */,
				272728FE2A8D6B43000CCA22 /* Scheduler.hh */,
			);
			path = src;
			sourceTree = "<group>";
		};
		272728D22A8D654C000CCA22 /* vendor */ = {
			isa = PBXGroup;
			children = (
				272728D32A8D6575000CCA22 /* catch2 */,
			);
			path = vendor;
			sourceTree = "<group>";
		};
		272728D32A8D6575000CCA22 /* catch2 */ = {
			isa = PBXGroup;
			children = (
				272728D42A8D6575000CCA22 /* catch_amalgamated.cpp */,
				272728D52A8D6575000CCA22 /* catch_amalgamated.hpp */,
			);
			path = catch2;
			sourceTree = "<group>";
		};
		272728E62A8D6619000CCA22 /* Frameworks */ = {
			isa = PBXGroup;
			children = (
			);
			name = Frameworks;
			sourceTree = "<group>";
		};
		272728EC2A8D66C3000CCA22 /* xcconfigs */ = {
			isa = PBXGroup;
			children = (
				272728F32A8D66EA000CCA22 /* Project.xcconfig */,
				272728F02A8D66EA000CCA22 /* Project-Debug.xcconfig */,
				272728EF2A8D66EA000CCA22 /* Project-Release.xcconfig */,
				272728ED2A8D66EA000CCA22 /* StaticLib.xcconfig */,
				272728F12A8D66EA000CCA22 /* Tests.xcconfig */,
				272728F22A8D66EA000CCA22 /* XcodeWarnings.xcconfig */,
			);
			path = xcconfigs;
			sourceTree = "<group>";
		};
/* End PBXGroup section */

/* Begin PBXHeadersBuildPhase section */
		272728D72A8D6604000CCA22 /* Headers */ = {
			isa = PBXHeadersBuildPhase;
			buildActionMask = 2147483647;
			files = (
			);
			runOnlyForDeploymentPostprocessing = 0;
		};
/* End PBXHeadersBuildPhase section */

/* Begin PBXNativeTarget section */
		272728C22A8D6505000CCA22 /* Tests */ = {
			isa = PBXNativeTarget;
			buildConfigurationList = 272728CA2A8D6505000CCA22 /* Build configuration list for PBXNativeTarget "Tests" */;
			buildPhases = (
				272728BF2A8D6505000CCA22 /* Sources */,
				272728C02A8D6505000CCA22 /* Frameworks */,
				272728C12A8D6505000CCA22 /* CopyFiles */,
			);
			buildRules = (
			);
			dependencies = (
			);
			name = Tests;
			productName = coro;
			productReference = 272728C32A8D6505000CCA22 /* Tests */;
			productType = "com.apple.product-type.tool";
		};
		272728DA2A8D6604000CCA22 /* coro */ = {
			isa = PBXNativeTarget;
			buildConfigurationList = 272728E32A8D6604000CCA22 /* Build configuration list for PBXNativeTarget "coro" */;
			buildPhases = (
				272728D72A8D6604000CCA22 /* Headers */,
				272728D82A8D6604000CCA22 /* Sources */,
				272728D92A8D6604000CCA22 /* Frameworks */,
			);
			buildRules = (
			);
			dependencies = (
			);
			name = coro;
			productName = coro;
			productReference = 272728DB2A8D6604000CCA22 /* libcoro.a */;
			productType = "com.apple.product-type.library.static";
		};
/* End PBXNativeTarget section */

/* Begin PBXProject section */
		272728BB2A8D6505000CCA22 /* Project object */ = {
			isa = PBXProject;
			attributes = {
				BuildIndependentTargetsInParallel = 1;
				LastUpgradeCheck = 1500;
				TargetAttributes = {
					272728C22A8D6505000CCA22 = {
						CreatedOnToolsVersion = 15.0;
					};
					272728DA2A8D6604000CCA22 = {
						CreatedOnToolsVersion = 15.0;
					};
				};
			};
			buildConfigurationList = 272728BE2A8D6505000CCA22 /* Build configuration list for PBXProject "coro" */;
			compatibilityVersion = "Xcode 14.0";
			developmentRegion = en;
			hasScannedForEncodings = 0;
			knownRegions = (
				en,
				Base,
			);
			mainGroup = 272728BA2A8D6505000CCA22;
			productRefGroup = 272728C42A8D6505000CCA22 /* Products */;
			projectDirPath = "";
			projectRoot = "";
			targets = (
				272728DA2A8D6604000CCA22 /* coro */,
				272728C22A8D6505000CCA22 /* Tests */,
			);
		};
/* End PBXProject section */

/* Begin PBXSourcesBuildPhase section */
		272728BF2A8D6505000CCA22 /* Sources */ = {
			isa = PBXSourcesBuildPhase;
			buildActionMask = 2147483647;
			files = (
				272728D62A8D65BE000CCA22 /* catch_amalgamated.cpp in Sources */,
				272728C72A8D6505000CCA22 /* tests.cc in Sources */,
			);
			runOnlyForDeploymentPostprocessing = 0;
		};
		272728D82A8D6604000CCA22 /* Sources */ = {
			isa = PBXSourcesBuildPhase;
			buildActionMask = 2147483647;
			files = (
			);
			runOnlyForDeploymentPostprocessing = 0;
		};
/* End PBXSourcesBuildPhase section */

/* Begin XCBuildConfiguration section */
		272728C82A8D6505000CCA22 /* Debug */ = {
			isa = XCBuildConfiguration;
			baseConfigurationReference = 272728F02A8D66EA000CCA22 /* Project-Debug.xcconfig */;
			buildSettings = {
			};
			name = Debug;
		};
		272728C92A8D6505000CCA22 /* Release */ = {
			isa = XCBuildConfiguration;
			baseConfigurationReference = 272728EF2A8D66EA000CCA22 /* Project-Release.xcconfig */;
			buildSettings = {
			};
			name = Release;
		};
		272728CB2A8D6505000CCA22 /* Debug */ = {
			isa = XCBuildConfiguration;
			baseConfigurationReference = 272728F12A8D66EA000CCA22 /* Tests.xcconfig */;
			buildSettings = {
			};
			name = Debug;
		};
		272728CC2A8D6505000CCA22 /* Release */ = {
			isa = XCBuildConfiguration;
			baseConfigurationReference = 272728F12A8D66EA000CCA22 /* Tests.xcconfig */;
			buildSettings = {
			};
			name = Release;
		};
		272728E42A8D6604000CCA22 /* Debug */ = {
			isa = XCBuildConfiguration;
			baseConfigurationReference = 272728ED2A8D66EA000CCA22 /* StaticLib.xcconfig */;
			buildSettings = {
			};
			name = Debug;
		};
		272728E52A8D6604000CCA22 /* Release */ = {
			isa = XCBuildConfiguration;
			baseConfigurationReference = 272728ED2A8D66EA000CCA22 /* StaticLib.xcconfig */;
			buildSettings = {
			};
			name = Release;
		};
/* End XCBuildConfiguration section */

/* Begin XCConfigurationList section */
		272728BE2A8D6505000CCA22 /* Build configuration list for PBXProject "coro" */ = {
			isa = XCConfigurationList;
			buildConfigurations = (
				272728C82A8D6505000CCA22 /* Debug */,
				272728C92A8D6505000CCA22 /* Release */,
			);
			defaultConfigurationIsVisible = 0;
			defaultConfigurationName = Release;
		};
		272728CA2A8D6505000CCA22 /* Build configuration list for PBXNativeTarget "Tests" */ = {
			isa = XCConfigurationList;
			buildConfigurations = (
				272728CB2A8D6505000CCA22 /* Debug */,
				272728CC2A8D6505000CCA22 /* Release */,
			);
			defaultConfigurationIsVisible = 0;
			defaultConfigurationName = Release;
		};
		272728E32A8D6604000CCA22 /* Build configuration list for PBXNativeTarget "coro" */ = {
			isa = XCConfigurationList;
			buildConfigurations = (
				272728E42A8D6604000CCA22 /* Debug */,
				272728E52A8D6604000CCA22 /* Release */,
			);
			defaultConfigurationIsVisible = 0;
			defaultConfigurationName = Release;
		};
/* End XCConfigurationList section */
	};
	rootObject = 272728BB2A8D6505000CCA22 /* Project object */;
}
